
Microsoft Visual Studio Solution File, Format Version 12.00
# Visual Studio Version 17
VisualStudioVersion = 17.0.31912.275
MinimumVisualStudioVersion = 10.0.40219.1
Project("{9A19103F-16F7-4668-BE54-9A1E7A4F7556}") = "OneRegister.Data", "OneRegister.Data\OneRegister.Data.csproj", "{33F8CC48-ED7A-4044-BBE3-5C4A67AA5F6C}"
EndProject
Project("{2150E333-8FDC-42A3-9474-1A3956D46DE8}") = "Libraries", "Libraries", "{1F521AB2-83CD-40CA-971B-DF315CF56158}"
EndProject
Project("{2150E333-8FDC-42A3-9474-1A3956D46DE8}") = "Presentation", "Presentation", "{24DFAACF-76E7-4C80-B513-28D69F01B7B4}"
EndProject
Project("{9A19103F-16F7-4668-BE54-9A1E7A4F7556}") = "OneRegister.Domain", "OneRegister.Domain\OneRegister.Domain.csproj", "{9AA23C77-B39F-4074-903C-ED4C24C50A1A}"
EndProject
Project("{9A19103F-16F7-4668-BE54-9A1E7A4F7556}") = "OneRegister.Web", "OneRegister.Web\OneRegister.Web.csproj", "{54C3AD25-0D91-4086-B9C2-55A19903E0A2}"
EndProject
Project("{9A19103F-16F7-4668-BE54-9A1E7A4F7556}") = "OneRegister.Core", "OneRegister.Core\OneRegister.Core.csproj", "{F28D20B6-961F-4224-BD02-59568AAED43A}"
EndProject
Project("{2150E333-8FDC-42A3-9474-1A3956D46DE8}") = "Test", "Test", "{2B259933-241C-433B-B804-96A35724DDFF}"
EndProject
Project("{9A19103F-16F7-4668-BE54-9A1E7A4F7556}") = "OneRegister.Test.CaseTest", "OneRegister.Test.CaseTest\OneRegister.Test.CaseTest.csproj", "{18A31442-9AED-47A2-B178-881928E65B69}"
EndProject
Project("{2150E333-8FDC-42A3-9474-1A3956D46DE8}") = "APIs", "APIs", "{B0956FE4-207E-4565-90A8-498AD4D250B3}"
EndProject
Project("{2150E333-8FDC-42A3-9474-1A3956D46DE8}") = "WebApps", "WebApps", "{D3CDD38A-5743-4FB6-8E5A-7F90CCAB4705}"
EndProject
Project("{2150E333-8FDC-42A3-9474-1A3956D46DE8}") = "Frameworks", "Frameworks", "{57224174-B462-417D-A4CB-E08B661C5F33}"
EndProject
Project("{9A19103F-16F7-4668-BE54-9A1E7A4F7556}") = "OneRegister.Framework", "OneRegister.Framework\OneRegister.Framework.csproj", "{91CC65CA-3258-4332-96C0-6FBBF8137937}"
EndProject
Project("{2150E333-8FDC-42A3-9474-1A3956D46DE8}") = "WinApps", "WinApps", "{E6FDA2D0-DC99-4FCB-A7E7-F71DC0F36540}"
EndProject
Project("{9A19103F-16F7-4668-BE54-9A1E7A4F7556}") = "OneRegister.ExportPhotoApp", "OneRegister.ExportPhotoApp\OneRegister.ExportPhotoApp.csproj", "{D566EC8C-5559-4842-A70C-17389370DCB2}"
EndProject
Project("{9A19103F-16F7-4668-BE54-9A1E7A4F7556}") = "OneRegister.Security", "OneRegister.Security\OneRegister.Security.csproj", "{07CDE0BD-DAF7-47E2-86ED-62522F83E34D}"
EndProject
Project("{9A19103F-16F7-4668-BE54-9A1E7A4F7556}") = "OneRegister.Security.Test", "OneRegister.Security.Test\OneRegister.Security.Test.csproj", "{D2F38903-6F3B-4344-BA30-22B9F9276432}"
EndProject
Project("{9A19103F-16F7-4668-BE54-9A1E7A4F7556}") = "OneRegister.Api.MasterCard", "OneRegister.Api.MasterCard\OneRegister.Api.MasterCard.csproj", "{E7E12399-C88F-4633-BEDA-81A3F9217269}"
EndProject
Project("{9A19103F-16F7-4668-BE54-9A1E7A4F7556}") = "OneRegister.Api.Service", "OneRegister.Api.Service\OneRegister.Api.Service.csproj", "{24C27238-3903-4178-AC12-C8DC5B57C386}"
EndProject
Global
	GlobalSection(SolutionConfigurationPlatforms) = preSolution
		Debug|Any CPU = Debug|Any CPU
		Release|Any CPU = Release|Any CPU
	EndGlobalSection
	GlobalSection(ProjectConfigurationPlatforms) = postSolution
		{33F8CC48-ED7A-4044-BBE3-5C4A67AA5F6C}.Debug|Any CPU.ActiveCfg = Debug|Any CPU
		{33F8CC48-ED7A-4044-BBE3-5C4A67AA5F6C}.Debug|Any CPU.Build.0 = Debug|Any CPU
		{33F8CC48-ED7A-4044-BBE3-5C4A67AA5F6C}.Release|Any CPU.ActiveCfg = Release|Any CPU
		{33F8CC48-ED7A-4044-BBE3-5C4A67AA5F6C}.Release|Any CPU.Build.0 = Release|Any CPU
		{9AA23C77-B39F-4074-903C-ED4C24C50A1A}.Debug|Any CPU.ActiveCfg = Debug|Any CPU
		{9AA23C77-B39F-4074-903C-ED4C24C50A1A}.Debug|Any CPU.Build.0 = Debug|Any CPU
		{9AA23C77-B39F-4074-903C-ED4C24C50A1A}.Release|Any CPU.ActiveCfg = Release|Any CPU
		{9AA23C77-B39F-4074-903C-ED4C24C50A1A}.Release|Any CPU.Build.0 = Release|Any CPU
		{54C3AD25-0D91-4086-B9C2-55A19903E0A2}.Debug|Any CPU.ActiveCfg = Debug|Any CPU
		{54C3AD25-0D91-4086-B9C2-55A19903E0A2}.Debug|Any CPU.Build.0 = Debug|Any CPU
		{54C3AD25-0D91-4086-B9C2-55A19903E0A2}.Release|Any CPU.ActiveCfg = Release|Any CPU
		{54C3AD25-0D91-4086-B9C2-55A19903E0A2}.Release|Any CPU.Build.0 = Release|Any CPU
		{F28D20B6-961F-4224-BD02-59568AAED43A}.Debug|Any CPU.ActiveCfg = Debug|Any CPU
		{F28D20B6-961F-4224-BD02-59568AAED43A}.Debug|Any CPU.Build.0 = Debug|Any CPU
		{F28D20B6-961F-4224-BD02-59568AAED43A}.Release|Any CPU.ActiveCfg = Release|Any CPU
		{F28D20B6-961F-4224-BD02-59568AAED43A}.Release|Any CPU.Build.0 = Release|Any CPU
		{18A31442-9AED-47A2-B178-881928E65B69}.Debug|Any CPU.ActiveCfg = Debug|Any CPU
		{18A31442-9AED-47A2-B178-881928E65B69}.Debug|Any CPU.Build.0 = Debug|Any CPU
		{18A31442-9AED-47A2-B178-881928E65B69}.Release|Any CPU.ActiveCfg = Release|Any CPU
		{18A31442-9AED-47A2-B178-881928E65B69}.Release|Any CPU.Build.0 = Release|Any CPU
		{91CC65CA-3258-4332-96C0-6FBBF8137937}.Debug|Any CPU.ActiveCfg = Debug|Any CPU
		{91CC65CA-3258-4332-96C0-6FBBF8137937}.Debug|Any CPU.Build.0 = Debug|Any CPU
		{91CC65CA-3258-4332-96C0-6FBBF8137937}.Release|Any CPU.ActiveCfg = Release|Any CPU
		{91CC65CA-3258-4332-96C0-6FBBF8137937}.Release|Any CPU.Build.0 = Release|Any CPU
		{D566EC8C-5559-4842-A70C-17389370DCB2}.Debug|Any CPU.ActiveCfg = Debug|Any CPU
		{D566EC8C-5559-4842-A70C-17389370DCB2}.Debug|Any CPU.Build.0 = Debug|Any CPU
		{D566EC8C-5559-4842-A70C-17389370DCB2}.Release|Any CPU.ActiveCfg = Release|Any CPU
		{D566EC8C-5559-4842-A70C-17389370DCB2}.Release|Any CPU.Build.0 = Release|Any CPU
		{07CDE0BD-DAF7-47E2-86ED-62522F83E34D}.Debug|Any CPU.ActiveCfg = Debug|Any CPU
		{07CDE0BD-DAF7-47E2-86ED-62522F83E34D}.Debug|Any CPU.Build.0 = Debug|Any CPU
		{07CDE0BD-DAF7-47E2-86ED-62522F83E34D}.Release|Any CPU.ActiveCfg = Release|Any CPU
		{07CDE0BD-DAF7-47E2-86ED-62522F83E34D}.Release|Any CPU.Build.0 = Release|Any CPU
		{D2F38903-6F3B-4344-BA30-22B9F9276432}.Debug|Any CPU.ActiveCfg = Debug|Any CPU
		{D2F38903-6F3B-4344-BA30-22B9F9276432}.Debug|Any CPU.Build.0 = Debug|Any CPU
		{D2F38903-6F3B-4344-BA30-22B9F9276432}.Release|Any CPU.ActiveCfg = Release|Any CPU
		{D2F38903-6F3B-4344-BA30-22B9F9276432}.Release|Any CPU.Build.0 = Release|Any CPU
		{E7E12399-C88F-4633-BEDA-81A3F9217269}.Debug|Any CPU.ActiveCfg = Debug|Any CPU
		{E7E12399-C88F-4633-BEDA-81A3F9217269}.Debug|Any CPU.Build.0 = Debug|Any CPU
		{E7E12399-C88F-4633-BEDA-81A3F9217269}.Release|Any CPU.ActiveCfg = Release|Any CPU
		{E7E12399-C88F-4633-BEDA-81A3F9217269}.Release|Any CPU.Build.0 = Release|Any CPU
		{24C27238-3903-4178-AC12-C8DC5B57C386}.Debug|Any CPU.ActiveCfg = Debug|Any CPU
		{24C27238-3903-4178-AC12-C8DC5B57C386}.Debug|Any CPU.Build.0 = Debug|Any CPU
		{24C27238-3903-4178-AC12-C8DC5B57C386}.Release|Any CPU.ActiveCfg = Release|Any CPU
		{24C27238-3903-4178-AC12-C8DC5B57C386}.Release|Any CPU.Build.0 = Release|Any CPU
	EndGlobalSection
	GlobalSection(SolutionProperties) = preSolution
		HideSolutionNode = FALSE
	EndGlobalSection
	GlobalSection(NestedProjects) = preSolution
		{33F8CC48-ED7A-4044-BBE3-5C4A67AA5F6C} = {1F521AB2-83CD-40CA-971B-DF315CF56158}
		{9AA23C77-B39F-4074-903C-ED4C24C50A1A} = {1F521AB2-83CD-40CA-971B-DF315CF56158}
		{54C3AD25-0D91-4086-B9C2-55A19903E0A2} = {D3CDD38A-5743-4FB6-8E5A-7F90CCAB4705}
		{F28D20B6-961F-4224-BD02-59568AAED43A} = {1F521AB2-83CD-40CA-971B-DF315CF56158}
		{18A31442-9AED-47A2-B178-881928E65B69} = {2B259933-241C-433B-B804-96A35724DDFF}
		{B0956FE4-207E-4565-90A8-498AD4D250B3} = {24DFAACF-76E7-4C80-B513-28D69F01B7B4}
		{D3CDD38A-5743-4FB6-8E5A-7F90CCAB4705} = {24DFAACF-76E7-4C80-B513-28D69F01B7B4}
		{57224174-B462-417D-A4CB-E08B661C5F33} = {24DFAACF-76E7-4C80-B513-28D69F01B7B4}
		{91CC65CA-3258-4332-96C0-6FBBF8137937} = {57224174-B462-417D-A4CB-E08B661C5F33}
		{E6FDA2D0-DC99-4FCB-A7E7-F71DC0F36540} = {24DFAACF-76E7-4C80-B513-28D69F01B7B4}
		{D566EC8C-5559-4842-A70C-17389370DCB2} = {E6FDA2D0-DC99-4FCB-A7E7-F71DC0F36540}
		{07CDE0BD-DAF7-47E2-86ED-62522F83E34D} = {1F521AB2-83CD-40CA-971B-DF315CF56158}
		{D2F38903-6F3B-4344-BA30-22B9F9276432} = {2B259933-241C-433B-B804-96A35724DDFF}
		{E7E12399-C88F-4633-BEDA-81A3F9217269} = {B0956FE4-207E-4565-90A8-498AD4D250B3}
		{24C27238-3903-4178-AC12-C8DC5B57C386} = {B0956FE4-207E-4565-90A8-498AD4D250B3}
	EndGlobalSection
	GlobalSection(ExtensibilityGlobals) = postSolution
		SolutionGuid = {5028C22B-B343-488B-9137-412F18882C39}
	EndGlobalSection
EndGlobal
